
Microsoft Visual Studio Solution File, Format Version 12.00
# Visual Studio 15
VisualStudioVersion = 15.0.28010.2003
MinimumVisualStudioVersion = 10.0.40219.1
Project("{FAE04EC0-301F-11D3-BF4B-00C04F79EFBC}") = "CG 6-1 Full Name 2", "CG 6-1 Full Name 2\CG 6-1 Full Name 2.csproj", "{39C2944A-65E6-4E5C-A61F-A29C196F2E26}"
EndProject
Global
	GlobalSection(SolutionConfigurationPlatforms) = preSolution
		Debug|Any CPU = Debug|Any CPU
		Release|Any CPU = Release|Any CPU
	EndGlobalSection
	GlobalSection(ProjectConfigurationPlatforms) = postSolution
		{39C2944A-65E6-4E5C-A61F-A29C196F2E26}.Debug|Any CPU.ActiveCfg = Debug|Any CPU
		{39C2944A-65E6-4E5C-A61F-A29C196F2E26}.Debug|Any CPU.Build.0 = Debug|Any CPU
		{39C2944A-65E6-4E5C-A61F-A29C196F2E26}.Release|Any CPU.ActiveCfg = Release|Any CPU
		{39C2944A-65E6-4E5C-A61F-A29C196F2E26}.Release|Any CPU.Build.0 = Release|Any CPU
	EndGlobalSection
	GlobalSection(SolutionProperties) = preSolution
		HideSolutionNode = FALSE
	EndGlobalSection
	GlobalSection(ExtensibilityGlobals) = postSolution
		SolutionGuid = {51AA5935-2FE6-4B38-8377-93362EA964B7}
	EndGlobalSection
EndGlobal
